<Solution>
  <Folder Name="/Solution Items/">
    <File Path="..\CLAUDE.md" />
    <File Path="..\README.md" />
    <File Path="..\stylecop.json" />
    <File Path="..\version.json" />
    <File Path="Directory.Build.props" />
    <File Path="Directory.Packages.props" />
    <File Path="testconfig.json" />
  </Folder>
  <Folder Name="/src/">
    <Project Path="SourceDocParser/SourceDocParser.csproj" />
    <Project Path="SourceDocParser.Docfx/SourceDocParser.Docfx.csproj" />
    <Project Path="SourceDocParser.NuGet/SourceDocParser.NuGet.csproj" />
    <Project Path="SourceDocParser.Zensical/SourceDocParser.Zensical.csproj" />
  </Folder>
  <Folder Name="/tests/">
    <Project Path="tests/SourceDocParser.TestHelpers/SourceDocParser.TestHelpers.csproj" />
    <Project Path="tests/SourceDocParser.Tests/SourceDocParser.Tests.csproj" />
    <Project Path="tests/SourceDocParser.NuGet.Tests/SourceDocParser.NuGet.Tests.csproj" />
    <Project Path="tests/SourceDocParser.Docfx.Tests/SourceDocParser.Docfx.Tests.csproj" />
    <Project Path="tests/SourceDocParser.Zensical.Tests/SourceDocParser.Zensical.Tests.csproj" />
    <Project Path="tests/SourceDocParser.IntegrationTests/SourceDocParser.IntegrationTests.csproj" />
  </Folder>
  <Folder Name="/benchmarks/">
    <Project Path="benchmarks/SourceDocParser.Benchmarks/SourceDocParser.Benchmarks.csproj" />
    <Project Path="benchmarks/Docfx.StandaloneBenchmarks/Docfx.StandaloneBenchmarks.csproj" />
    <Project Path="benchmarks/SourceDocParser.Docfx.StandaloneBenchmarks/SourceDocParser.Docfx.StandaloneBenchmarks.csproj" />
  </Folder>
  <Folder Name="/tools/">
    <Project Path="tools/SourceDocParser.AllocReport/SourceDocParser.AllocReport.csproj" />
  </Folder>
</Solution>
